// !$*UTF8*$!
{
	archiveVersion = 1;
	classes = {
	};
	objectVersion = 46;
	objects = {

/* Begin PBXBuildFile section */
		2CE1AD351D603E5F00081E9D /* AppDelegate.m in Sources */ = {isa = PBXBuildFile; fileRef = 2CE1AD341D603E5F00081E9D /* AppDelegate.m */; };
		2CE1AD381D603E5F00081E9D /* main.m in Sources */ = {isa = PBXBuildFile; fileRef = 2CE1AD371D603E5F00081E9D /* main.m */; };
		2CE1AD3A1D603E5F00081E9D /* Assets.xcassets in Resources */ = {isa = PBXBuildFile; fileRef = 2CE1AD391D603E5F00081E9D /* Assets.xcassets */; };
		2CE1AD3D1D603E5F00081E9D /* MainMenu.xib in Resources */ = {isa = PBXBuildFile; fileRef = 2CE1AD3B1D603E5F00081E9D /* MainMenu.xib */; };
		2CE1AD481D603EBE00081E9D /* MBEMetalView.m in Sources */ = {isa = PBXBuildFile; fileRef = 2CE1AD451D603EBE00081E9D /* MBEMetalView.m */; };
		2CE1AD491D603EBE00081E9D /* MBERenderer.m in Sources */ = {isa = PBXBuildFile; fileRef = 2CE1AD471D603EBE00081E9D /* MBERenderer.m */; };
		2CE1AD4C1D60452300081E9D /* MBEMathUtilities.cpp in Sources */ = {isa = PBXBuildFile; fileRef = 2CE1AD4B1D60452300081E9D /* MBEMathUtilities.cpp */; };
		2CE1AD4E1D60461F00081E9D /* Shaders.metal in Sources */ = {isa = PBXBuildFile; fileRef = 2CE1AD4D1D60461F00081E9D /* Shaders.metal */; };
/* End PBXBuildFile section */

/* Begin PBXFileReference section */
		2CE1AD301D603E5F00081E9D /* DrawingIn3D.app */ = {isa = PBXFileReference; explicitFileType = wrapper.application; includeInIndex = 0; path = DrawingIn3D.app; sourceTree = BUILT_PRODUCTS_DIR; };
		2CE1AD331D603E5F00081E9D /* AppDelegate.h */ = {isa = PBXFileReference; lastKnownFileType = sourcecode.c.h; path = AppDelegate.h; sourceTree = "<group>"; };
		2CE1AD341D603E5F00081E9D /* AppDelegate.m */ = {isa = PBXFileReference; lastKnownFileType = sourcecode.c.objc; path = AppDelegate.m; sourceTree = "<group>"; };
		2CE1AD371D603E5F00081E9D /* main.m */ = {isa = PBXFileReference; lastKnownFileType = sourcecode.c.objc; path = main.m; sourceTree = "<group>"; };
		2CE1AD391D603E5F00081E9D /* Assets.xcassets */ = {isa = PBXFileReference; lastKnownFileType = folder.assetcatalog; path = Assets.xcassets; sourceTree = "<group>"; };
		2CE1AD3C1D603E5F00081E9D /* Base */ = {isa = PBXFileReference; lastKnownFileType = file.xib; name = Base; path = Base.lproj/MainMenu.xib; sourceTree = "<group>"; };
		2CE1AD3E1D603E5F00081E9D /* Info.plist */ = {isa = PBXFileReference; lastKnownFileType = text.plist.xml; path = Info.plist; sourceTree = "<group>"; };
		2CE1AD441D603EBE00081E9D /* MBEMetalView.h */ = {isa = PBXFileReference; fileEncoding = 4; lastKnownFileType = sourcecode.c.h; path = MBEMetalView.h; sourceTree = "<group>"; };
		2CE1AD451D603EBE00081E9D /* MBEMetalView.m */ = {isa = PBXFileReference; fileEncoding = 4; lastKnownFileType = sourcecode.c.objc; path = MBEMetalView.m; sourceTree = "<group>"; };
		2CE1AD461D603EBE00081E9D /* MBERenderer.h */ = {isa = PBXFileReference; fileEncoding = 4; lastKnownFileType = sourcecode.c.h; path = MBERenderer.h; sourceTree = "<group>"; };
		2CE1AD471D603EBE00081E9D /* MBERenderer.m */ = {isa = PBXFileReference; fileEncoding = 4; lastKnownFileType = sourcecode.c.objc; path = MBERenderer.m; sourceTree = "<group>"; };
		2CE1AD4A1D60452300081E9D /* MBEMathUtilities.h */ = {isa = PBXFileReference; fileEncoding = 4; lastKnownFileType = sourcecode.c.h; path = MBEMathUtilities.h; sourceTree = "<group>"; };
		2CE1AD4B1D60452300081E9D /* MBEMathUtilities.cpp */ = {isa = PBXFileReference; fileEncoding = 4; lastKnownFileType = sourcecode.cpp.cpp; path = MBEMathUtilities.cpp; sourceTree = "<group>"; };
		2CE1AD4D1D60461F00081E9D /* Shaders.metal */ = {isa = PBXFileReference; fileEncoding = 4; lastKnownFileType = sourcecode.metal; path = Shaders.metal; sourceTree = "<group>"; };
/* End PBXFileReference section */

/* Begin PBXFrameworksBuildPhase section */
		2CE1AD2D1D603E5F00081E9D /* Frameworks */ = {
			isa = PBXFrameworksBuildPhase;
			buildActionMask = 2147483647;
			files = (
			);
			runOnlyForDeploymentPostprocessing = 0;
		};
/* End PBXFrameworksBuildPhase section */

/* Begin PBXGroup section */
		2CE1AD271D603E5F00081E9D = {
			isa = PBXGroup;
			children = (
				2CE1AD321D603E5F00081E9D /* DrawingIn3D */,
				2CE1AD311D603E5F00081E9D /* Products */,
			);
			sourceTree = "<group>";
		};
		2CE1AD311D603E5F00081E9D /* Products */ = {
			isa = PBXGroup;
			children = (
				2CE1AD301D603E5F00081E9D /* DrawingIn3D.app */,
			);
			name = Products;
			sourceTree = "<group>";
		};
		2CE1AD321D603E5F00081E9D /* DrawingIn3D */ = {
			isa = PBXGroup;
			children = (
				2CE1AD331D603E5F00081E9D /* AppDelegate.h */,
				2CE1AD341D603E5F00081E9D /* AppDelegate.m */,
				2CE1AD391D603E5F00081E9D /* Assets.xcassets */,
				2CE1AD3B1D603E5F00081E9D /* MainMenu.xib */,
				2CE1AD441D603EBE00081E9D /* MBEMetalView.h */,
				2CE1AD451D603EBE00081E9D /* MBEMetalView.m */,
				2CE1AD461D603EBE00081E9D /* MBERenderer.h */,
				2CE1AD471D603EBE00081E9D /* MBERenderer.m */,
				2CE1AD4A1D60452300081E9D /* MBEMathUtilities.h */,
				2CE1AD4B1D60452300081E9D /* MBEMathUtilities.cpp */,
				2CE1AD4D1D60461F00081E9D /* Shaders.metal */,
				2CE1AD3E1D603E5F00081E9D /* Info.plist */,
				2CE1AD361D603E5F00081E9D /* Supporting Files */,
			);
			path = DrawingIn3D;
			sourceTree = "<group>";
		};
		2CE1AD361D603E5F00081E9D /* Supporting Files */ = {
			isa = PBXGroup;
			children = (
				2CE1AD371D603E5F00081E9D /* main.m */,
			);
			name = "Supporting Files";
			sourceTree = "<group>";
		};
/* End PBXGroup section */

/* Begin PBXNativeTarget section */
		2CE1AD2F1D603E5F00081E9D /* DrawingIn3D */ = {
			isa = PBXNativeTarget;
			buildConfigurationList = 2CE1AD411D603E5F00081E9D /* Build configuration list for PBXNativeTarget "DrawingIn3D" */;
			buildPhases = (
				2CE1AD2C1D603E5F00081E9D /* Sources */,
				2CE1AD2D1D603E5F00081E9D /* Frameworks */,
				2CE1AD2E1D603E5F00081E9D /* Resources */,
			);
			buildRules = (
			);
			dependencies = (
			);
			name = DrawingIn3D;
			productName = DrawingIn3D;
			productReference = 2CE1AD301D603E5F00081E9D /* DrawingIn3D.app */;
			productType = "com.apple.product-type.application";
		};
/* End PBXNativeTarget section */

/* Begin PBXProject section */
		2CE1AD281D603E5F00081E9D /* Project object */ = {
			isa = PBXProject;
			attributes = {
				LastUpgradeCheck = 0730;
				ORGANIZATIONNAME = middleware;
				TargetAttributes = {
					2CE1AD2F1D603E5F00081E9D = {
						CreatedOnToolsVersion = 7.3.1;
					};
				};
			};
			buildConfigurationList = 2CE1AD2B1D603E5F00081E9D /* Build configuration list for PBXProject "DrawingIn3D" */;
			compatibilityVersion = "Xcode 3.2";
			developmentRegion = English;
			hasScannedForEncodings = 0;
			knownRegions = (
				en,
				Base,
			);
			mainGroup = 2CE1AD271D603E5F00081E9D;
			productRefGroup = 2CE1AD311D603E5F00081E9D /* Products */;
			projectDirPath = "";
			projectRoot = "";
			targets = (
				2CE1AD2F1D603E5F00081E9D /* DrawingIn3D */,
			);
		};
/* End PBXProject section */

/* Begin PBXResourcesBuildPhase section */
		2CE1AD2E1D603E5F00081E9D /* Resources */ = {
			isa = PBXResourcesBuildPhase;
			buildActionMask = 2147483647;
			files = (
				2CE1AD3A1D603E5F00081E9D /* Assets.xcassets in Resources */,
				2CE1AD3D1D603E5F00081E9D /* MainMenu.xib in Resources */,
			);
			runOnlyForDeploymentPostprocessing = 0;
		};
/* End PBXResourcesBuildPhase section */

/* Begin PBXSourcesBuildPhase section */
		2CE1AD2C1D603E5F00081E9D /* Sources */ = {
			isa = PBXSourcesBuildPhase;
			buildActionMask = 2147483647;
			files = (
				2CE1AD4E1D60461F00081E9D /* Shaders.metal in Sources */,
				2CE1AD381D603E5F00081E9D /* main.m in Sources */,
				2CE1AD481D603EBE00081E9D /* MBEMetalView.m in Sources */,
				2CE1AD4C1D60452300081E9D /* MBEMathUtilities.cpp in Sources */,
				2CE1AD351D603E5F00081E9D /* AppDelegate.m in Sources */,
				2CE1AD491D603EBE00081E9D /* MBERenderer.m in Sources */,
			);
			runOnlyForDeploymentPostprocessing = 0;
		};
/* End PBXSourcesBuildPhase section */

/* Begin PBXVariantGroup section */
		2CE1AD3B1D603E5F00081E9D /* MainMenu.xib */ = {
			isa = PBXVariantGroup;
			children = (
				2CE1AD3C1D603E5F00081E9D /* Base */,
			);
			name = MainMenu.xib;
			sourceTree = "<group>";
		};
/* End PBXVariantGroup section */

/* Begin XCBuildConfiguration section */
		2CE1AD3F1D603E5F00081E9D /* Debug */ = {
			isa = XCBuildConfiguration;
			buildSettings = {
				ALWAYS_SEARCH_USER_PATHS = NO;
				CLANG_ANALYZER_NONNULL = YES;
				CLANG_CXX_LANGUAGE_STANDARD = "gnu++0x";
				CLANG_CXX_LIBRARY = "libc++";
				CLANG_ENABLE_MODULES = YES;
				CLANG_ENABLE_OBJC_ARC = YES;
				CLANG_WARN_BOOL_CONVERSION = YES;
				CLANG_WARN_CONSTANT_CONVERSION = YES;
				CLANG_WARN_DIRECT_OBJC_ISA_USAGE = YES_ERROR;
				CLANG_WARN_EMPTY_BODY = YES;
				CLANG_WARN_ENUM_CONVERSION = YES;
				CLANG_WARN_INT_CONVERSION = YES;
				CLANG_WARN_OBJC_ROOT_CLASS = YES_ERROR;
				CLANG_WARN_UNREACHABLE_CODE = YES;
				CLANG_WARN__DUPLICATE_METHOD_MATCH = YES;
				CODE_SIGN_IDENTITY = "-";
				COPY_PHASE_STRIP = NO;
				DEBUG_INFORMATION_FORMAT = dwarf;
				ENABLE_STRICT_OBJC_MSGSEND = YES;
				ENABLE_TESTABILITY = YES;
				GCC_C_LANGUAGE_STANDARD = gnu99;
				GCC_DYNAMIC_NO_PIC = NO;
				GCC_NO_COMMON_BLOCKS = YES;
				GCC_OPTIMIZATION_LEVEL = 0;
				GCC_PREPROCESSOR_DEFINITIONS = (
					"DEBUG=1",
					"$(inherited)",
				);
				GCC_WARN_64_TO_32_BIT_CONVERSION = YES;
				GCC_WARN_ABOUT_RETURN_TYPE = YES_ERROR;
				GCC_WARN_UNDECLARED_SELECTOR = YES;
				GCC_WARN_UNINITIALIZED_AUTOS = YES_AGGRESSIVE;
				GCC_WARN_UNUSED_FUNCTION = YES;
				GCC_WARN_UNUSED_VARIABLE = YES;
				MACOSX_DEPLOYMENT_TARGET = 10.11;
				MTL_ENABLE_DEBUG_INFO = YES;
				ONLY_ACTIVE_ARCH = YES;
				SDKROOT = macosx;
			};
			name = Debug;
		};
		2CE1AD401D603E5F00081E9D /* Release */ = {
			isa = XCBuildConfiguration;
			buildSettings = {
				ALWAYS_SEARCH_USER_PATHS = NO;
				CLANG_ANALYZER_NONNULL = YES;
				CLANG_CXX_LANGUAGE_STANDARD = "gnu++0x";
				CLANG_CXX_LIBRARY = "libc++";
				CLANG_ENABLE_MODULES = YES;
				CLANG_ENABLE_OBJC_ARC = YES;
				CLANG_WARN_BOOL_CONVERSION = YES;
				CLANG_WARN_CONSTANT_CONVERSION = YES;
				CLANG_WARN_DIRECT_OBJC_ISA_USAGE = YES_ERROR;
				CLANG_WARN_EMPTY_BODY = YES;
				CLANG_WARN_ENUM_CONVERSION = YES;
				CLANG_WARN_INT_CONVERSION = YES;
				CLANG_WARN_OBJC_ROOT_CLASS = YES_ERROR;
				CLANG_WARN_UNREACHABLE_CODE = YES;
				CLANG_WARN__DUPLICATE_METHOD_MATCH = YES;
				CODE_SIGN_IDENTITY = "-";
				COPY_PHASE_STRIP = NO;
				DEBUG_INFORMATION_FORMAT = "dwarf-with-dsym";
				ENABLE_NS_ASSERTIONS = NO;
				ENABLE_STRICT_OBJC_MSGSEND = YES;
				GCC_C_LANGUAGE_STANDARD = gnu99;
				GCC_NO_COMMON_BLOCKS = YES;
				GCC_WARN_64_TO_32_BIT_CONVERSION = YES;
				GCC_WARN_ABOUT_RETURN_TYPE = YES_ERROR;
				GCC_WARN_UNDECLARED_SELECTOR = YES;
				GCC_WARN_UNINITIALIZED_AUTOS = YES_AGGRESSIVE;
				GCC_WARN_UNUSED_FUNCTION = YES;
				GCC_WARN_UNUSED_VARIABLE = YES;
				MACOSX_DEPLOYMENT_TARGET = 10.11;
				MTL_ENABLE_DEBUG_INFO = NO;
				SDKROOT = macosx;
			};
			name = Release;
		};
		2CE1AD421D603E5F00081E9D /* Debug */ = {
			isa = XCBuildConfiguration;
			buildSettings = {
				ASSETCATALOG_COMPILER_APPICON_NAME = AppIcon;
				COMBINE_HIDPI_IMAGES = YES;
				HEADER_SEARCH_PATHS = glm;
				INFOPLIST_FILE = DrawingIn3D/Info.plist;
				LD_RUNPATH_SEARCH_PATHS = "$(inherited) @executable_path/../Frameworks";
				PRODUCT_BUNDLE_IDENTIFIER = com.adobe.DrawingIn3D;
				PRODUCT_NAME = "$(TARGET_NAME)";
			};
			name = Debug;
		};
		2CE1AD431D603E5F00081E9D /* Release */ = {
			isa = XCBuildConfiguration;
			buildSettings = {
				ASSETCATALOG_COMPILER_APPICON_NAME = AppIcon;
				COMBINE_HIDPI_IMAGES = YES;
				HEADER_SEARCH_PATHS = glm;
				INFOPLIST_FILE = DrawingIn3D/Info.plist;
				LD_RUNPATH_SEARCH_PATHS = "$(inherited) @executable_path/../Frameworks";
				PRODUCT_BUNDLE_IDENTIFIER = com.adobe.DrawingIn3D;
				PRODUCT_NAME = "$(TARGET_NAME)";
			};
			name = Release;
		};
/* End XCBuildConfiguration section */

/* Begin XCConfigurationList section */
		2CE1AD2B1D603E5F00081E9D /* Build configuration list for PBXProject "DrawingIn3D" */ = {
			isa = XCConfigurationList;
			buildConfigurations = (
				2CE1AD3F1D603E5F00081E9D /* Debug */,
				2CE1AD401D603E5F00081E9D /* Release */,
			);
			defaultConfigurationIsVisible = 0;
			defaultConfigurationName = Release;
		};
		2CE1AD411D603E5F00081E9D /* Build configuration list for PBXNativeTarget "DrawingIn3D" */ = {
			isa = XCConfigurationList;
			buildConfigurations = (
				2CE1AD421D603E5F00081E9D /* Debug */,
				2CE1AD431D603E5F00081E9D /* Release */,
			);
			defaultConfigurationIsVisible = 0;
		};
/* End XCConfigurationList section */
	};
	rootObject = 2CE1AD281D603E5F00081E9D /* Project object */;
}
